
Microsoft Visual Studio Solution File, Format Version 12.00
# Visual Studio Version 16
VisualStudioVersion = 16.0.29001.49
MinimumVisualStudioVersion = 10.0.40219.1
Project("{D954291E-2A0B-460D-934E-DC6B0785DB48}") = "SharedProject", "SharedProject\SharedProject.shproj", "{FD904394-84BE-4E96-AAE0-27D882BCA533}"
EndProject
Project("{9A19103F-16F7-4668-BE54-9A1E7A4F7556}") = "E Number", "E Number\E Number.csproj", "{86375084-CF96-4F34-AB29-697E20657979}"
EndProject
Project("{9A19103F-16F7-4668-BE54-9A1E7A4F7556}") = "E Role", "E Role\E Role.csproj", "{7CEC3EB3-AD6D-4DC6-800F-30A0DD5D87CA}"
EndProject
Project("{9A19103F-16F7-4668-BE54-9A1E7A4F7556}") = "E Player", "E Player\E Player.csproj", "{3808B9BD-A5A6-495A-AB16-E1A126B8EE9A}"
EndProject
Project("{9A19103F-16F7-4668-BE54-9A1E7A4F7556}") = "E Writer", "E Writer\E Writer.csproj", "{D7E920B6-0D5A-4748-8D54-B62FBEC6E860}"
EndProject
Project("{9A19103F-16F7-4668-BE54-9A1E7A4F7556}") = "E Updater", "E Updater\E Updater.csproj", "{3AB5EDC7-AC8F-46C7-9A1D-D55F21FFF094}"
EndProject
Project("{FAE04EC0-301F-11D3-BF4B-00C04F79EFBC}") = "E Talker", "E Talker\E Talker.csproj", "{C2FCBD08-EA56-4045-A354-FA9F21A7B2E2}"
EndProject
Global
	GlobalSection(SharedMSBuildProjectFiles) = preSolution
		SharedProject\SharedProject.projitems*{3808b9bd-a5a6-495a-ab16-e1a126b8ee9a}*SharedItemsImports = 5
		SharedProject\SharedProject.projitems*{3ab5edc7-ac8f-46c7-9a1d-d55f21fff094}*SharedItemsImports = 5
		SharedProject\SharedProject.projitems*{7cec3eb3-ad6d-4dc6-800f-30a0dd5d87ca}*SharedItemsImports = 5
		SharedProject\SharedProject.projitems*{86375084-cf96-4f34-ab29-697e20657979}*SharedItemsImports = 5
		SharedProject\SharedProject.projitems*{c2fcbd08-ea56-4045-a354-fa9f21a7b2e2}*SharedItemsImports = 5
		SharedProject\SharedProject.projitems*{d7e920b6-0d5a-4748-8d54-b62fbec6e860}*SharedItemsImports = 5
		SharedProject\SharedProject.projitems*{fd904394-84be-4e96-aae0-27d882bca533}*SharedItemsImports = 13
	EndGlobalSection
	GlobalSection(SolutionConfigurationPlatforms) = preSolution
		Debug|Any CPU = Debug|Any CPU
		Debug|ARM = Debug|ARM
		Debug|x64 = Debug|x64
		Debug|x86 = Debug|x86
		Release|Any CPU = Release|Any CPU
		Release|ARM = Release|ARM
		Release|x64 = Release|x64
		Release|x86 = Release|x86
	EndGlobalSection
	GlobalSection(ProjectConfigurationPlatforms) = postSolution
		{86375084-CF96-4F34-AB29-697E20657979}.Debug|Any CPU.ActiveCfg = Debug|Any CPU
		{86375084-CF96-4F34-AB29-697E20657979}.Debug|Any CPU.Build.0 = Debug|Any CPU
		{86375084-CF96-4F34-AB29-697E20657979}.Debug|ARM.ActiveCfg = Debug|Any CPU
		{86375084-CF96-4F34-AB29-697E20657979}.Debug|ARM.Build.0 = Debug|Any CPU
		{86375084-CF96-4F34-AB29-697E20657979}.Debug|x64.ActiveCfg = Debug|Any CPU
		{86375084-CF96-4F34-AB29-697E20657979}.Debug|x64.Build.0 = Debug|Any CPU
		{86375084-CF96-4F34-AB29-697E20657979}.Debug|x86.ActiveCfg = Debug|Any CPU
		{86375084-CF96-4F34-AB29-697E20657979}.Debug|x86.Build.0 = Debug|Any CPU
		{86375084-CF96-4F34-AB29-697E20657979}.Release|Any CPU.ActiveCfg = Release|Any CPU
		{86375084-CF96-4F34-AB29-697E20657979}.Release|Any CPU.Build.0 = Release|Any CPU
		{86375084-CF96-4F34-AB29-697E20657979}.Release|ARM.ActiveCfg = Release|Any CPU
		{86375084-CF96-4F34-AB29-697E20657979}.Release|ARM.Build.0 = Release|Any CPU
		{86375084-CF96-4F34-AB29-697E20657979}.Release|x64.ActiveCfg = Release|Any CPU
		{86375084-CF96-4F34-AB29-697E20657979}.Release|x64.Build.0 = Release|Any CPU
		{86375084-CF96-4F34-AB29-697E20657979}.Release|x86.ActiveCfg = Release|Any CPU
		{86375084-CF96-4F34-AB29-697E20657979}.Release|x86.Build.0 = Release|Any CPU
		{7CEC3EB3-AD6D-4DC6-800F-30A0DD5D87CA}.Debug|Any CPU.ActiveCfg = Debug|Any CPU
		{7CEC3EB3-AD6D-4DC6-800F-30A0DD5D87CA}.Debug|Any CPU.Build.0 = Debug|Any CPU
		{7CEC3EB3-AD6D-4DC6-800F-30A0DD5D87CA}.Debug|ARM.ActiveCfg = Debug|Any CPU
		{7CEC3EB3-AD6D-4DC6-800F-30A0DD5D87CA}.Debug|ARM.Build.0 = Debug|Any CPU
		{7CEC3EB3-AD6D-4DC6-800F-30A0DD5D87CA}.Debug|x64.ActiveCfg = Debug|Any CPU
		{7CEC3EB3-AD6D-4DC6-800F-30A0DD5D87CA}.Debug|x64.Build.0 = Debug|Any CPU
		{7CEC3EB3-AD6D-4DC6-800F-30A0DD5D87CA}.Debug|x86.ActiveCfg = Debug|Any CPU
		{7CEC3EB3-AD6D-4DC6-800F-30A0DD5D87CA}.Debug|x86.Build.0 = Debug|Any CPU
		{7CEC3EB3-AD6D-4DC6-800F-30A0DD5D87CA}.Release|Any CPU.ActiveCfg = Release|Any CPU
		{7CEC3EB3-AD6D-4DC6-800F-30A0DD5D87CA}.Release|Any CPU.Build.0 = Release|Any CPU
		{7CEC3EB3-AD6D-4DC6-800F-30A0DD5D87CA}.Release|ARM.ActiveCfg = Release|Any CPU
		{7CEC3EB3-AD6D-4DC6-800F-30A0DD5D87CA}.Release|ARM.Build.0 = Release|Any CPU
		{7CEC3EB3-AD6D-4DC6-800F-30A0DD5D87CA}.Release|x64.ActiveCfg = Release|Any CPU
		{7CEC3EB3-AD6D-4DC6-800F-30A0DD5D87CA}.Release|x64.Build.0 = Release|Any CPU
		{7CEC3EB3-AD6D-4DC6-800F-30A0DD5D87CA}.Release|x86.ActiveCfg = Release|Any CPU
		{7CEC3EB3-AD6D-4DC6-800F-30A0DD5D87CA}.Release|x86.Build.0 = Release|Any CPU
		{3808B9BD-A5A6-495A-AB16-E1A126B8EE9A}.Debug|Any CPU.ActiveCfg = Debug|Any CPU
		{3808B9BD-A5A6-495A-AB16-E1A126B8EE9A}.Debug|Any CPU.Build.0 = Debug|Any CPU
		{3808B9BD-A5A6-495A-AB16-E1A126B8EE9A}.Debug|ARM.ActiveCfg = Debug|Any CPU
		{3808B9BD-A5A6-495A-AB16-E1A126B8EE9A}.Debug|ARM.Build.0 = Debug|Any CPU
		{3808B9BD-A5A6-495A-AB16-E1A126B8EE9A}.Debug|x64.ActiveCfg = Debug|Any CPU
		{3808B9BD-A5A6-495A-AB16-E1A126B8EE9A}.Debug|x64.Build.0 = Debug|Any CPU
		{3808B9BD-A5A6-495A-AB16-E1A126B8EE9A}.Debug|x86.ActiveCfg = Debug|Any CPU
		{3808B9BD-A5A6-495A-AB16-E1A126B8EE9A}.Debug|x86.Build.0 = Debug|Any CPU
		{3808B9BD-A5A6-495A-AB16-E1A126B8EE9A}.Release|Any CPU.ActiveCfg = Release|Any CPU
		{3808B9BD-A5A6-495A-AB16-E1A126B8EE9A}.Release|Any CPU.Build.0 = Release|Any CPU
		{3808B9BD-A5A6-495A-AB16-E1A126B8EE9A}.Release|ARM.ActiveCfg = Release|Any CPU
		{3808B9BD-A5A6-495A-AB16-E1A126B8EE9A}.Release|ARM.Build.0 = Release|Any CPU
		{3808B9BD-A5A6-495A-AB16-E1A126B8EE9A}.Release|x64.ActiveCfg = Release|Any CPU
		{3808B9BD-A5A6-495A-AB16-E1A126B8EE9A}.Release|x64.Build.0 = Release|Any CPU
		{3808B9BD-A5A6-495A-AB16-E1A126B8EE9A}.Release|x86.ActiveCfg = Release|Any CPU
		{3808B9BD-A5A6-495A-AB16-E1A126B8EE9A}.Release|x86.Build.0 = Release|Any CPU
		{D7E920B6-0D5A-4748-8D54-B62FBEC6E860}.Debug|Any CPU.ActiveCfg = Debug|Any CPU
		{D7E920B6-0D5A-4748-8D54-B62FBEC6E860}.Debug|Any CPU.Build.0 = Debug|Any CPU
		{D7E920B6-0D5A-4748-8D54-B62FBEC6E860}.Debug|ARM.ActiveCfg = Debug|Any CPU
		{D7E920B6-0D5A-4748-8D54-B62FBEC6E860}.Debug|ARM.Build.0 = Debug|Any CPU
		{D7E920B6-0D5A-4748-8D54-B62FBEC6E860}.Debug|x64.ActiveCfg = Debug|Any CPU
		{D7E920B6-0D5A-4748-8D54-B62FBEC6E860}.Debug|x64.Build.0 = Debug|Any CPU
		{D7E920B6-0D5A-4748-8D54-B62FBEC6E860}.Debug|x86.ActiveCfg = Debug|Any CPU
		{D7E920B6-0D5A-4748-8D54-B62FBEC6E860}.Debug|x86.Build.0 = Debug|Any CPU
		{D7E920B6-0D5A-4748-8D54-B62FBEC6E860}.Release|Any CPU.ActiveCfg = Release|Any CPU
		{D7E920B6-0D5A-4748-8D54-B62FBEC6E860}.Release|Any CPU.Build.0 = Release|Any CPU
		{D7E920B6-0D5A-4748-8D54-B62FBEC6E860}.Release|ARM.ActiveCfg = Release|Any CPU
		{D7E920B6-0D5A-4748-8D54-B62FBEC6E860}.Release|ARM.Build.0 = Release|Any CPU
		{D7E920B6-0D5A-4748-8D54-B62FBEC6E860}.Release|x64.ActiveCfg = Release|Any CPU
		{D7E920B6-0D5A-4748-8D54-B62FBEC6E860}.Release|x64.Build.0 = Release|Any CPU
		{D7E920B6-0D5A-4748-8D54-B62FBEC6E860}.Release|x86.ActiveCfg = Release|Any CPU
		{D7E920B6-0D5A-4748-8D54-B62FBEC6E860}.Release|x86.Build.0 = Release|Any CPU
		{3AB5EDC7-AC8F-46C7-9A1D-D55F21FFF094}.Debug|Any CPU.ActiveCfg = Debug|Any CPU
		{3AB5EDC7-AC8F-46C7-9A1D-D55F21FFF094}.Debug|Any CPU.Build.0 = Debug|Any CPU
		{3AB5EDC7-AC8F-46C7-9A1D-D55F21FFF094}.Debug|ARM.ActiveCfg = Debug|Any CPU
		{3AB5EDC7-AC8F-46C7-9A1D-D55F21FFF094}.Debug|ARM.Build.0 = Debug|Any CPU
		{3AB5EDC7-AC8F-46C7-9A1D-D55F21FFF094}.Debug|x64.ActiveCfg = Debug|Any CPU
		{3AB5EDC7-AC8F-46C7-9A1D-D55F21FFF094}.Debug|x64.Build.0 = Debug|Any CPU
		{3AB5EDC7-AC8F-46C7-9A1D-D55F21FFF094}.Debug|x86.ActiveCfg = Debug|Any CPU
		{3AB5EDC7-AC8F-46C7-9A1D-D55F21FFF094}.Debug|x86.Build.0 = Debug|Any CPU
		{3AB5EDC7-AC8F-46C7-9A1D-D55F21FFF094}.Release|Any CPU.ActiveCfg = Release|Any CPU
		{3AB5EDC7-AC8F-46C7-9A1D-D55F21FFF094}.Release|Any CPU.Build.0 = Release|Any CPU
		{3AB5EDC7-AC8F-46C7-9A1D-D55F21FFF094}.Release|ARM.ActiveCfg = Release|Any CPU
		{3AB5EDC7-AC8F-46C7-9A1D-D55F21FFF094}.Release|ARM.Build.0 = Release|Any CPU
		{3AB5EDC7-AC8F-46C7-9A1D-D55F21FFF094}.Release|x64.ActiveCfg = Release|Any CPU
		{3AB5EDC7-AC8F-46C7-9A1D-D55F21FFF094}.Release|x64.Build.0 = Release|Any CPU
		{3AB5EDC7-AC8F-46C7-9A1D-D55F21FFF094}.Release|x86.ActiveCfg = Release|Any CPU
		{3AB5EDC7-AC8F-46C7-9A1D-D55F21FFF094}.Release|x86.Build.0 = Release|Any CPU
		{C2FCBD08-EA56-4045-A354-FA9F21A7B2E2}.Debug|Any CPU.ActiveCfg = Debug|Any CPU
		{C2FCBD08-EA56-4045-A354-FA9F21A7B2E2}.Debug|Any CPU.Build.0 = Debug|Any CPU
		{C2FCBD08-EA56-4045-A354-FA9F21A7B2E2}.Debug|ARM.ActiveCfg = Debug|Any CPU
		{C2FCBD08-EA56-4045-A354-FA9F21A7B2E2}.Debug|ARM.Build.0 = Debug|Any CPU
		{C2FCBD08-EA56-4045-A354-FA9F21A7B2E2}.Debug|x64.ActiveCfg = Debug|Any CPU
		{C2FCBD08-EA56-4045-A354-FA9F21A7B2E2}.Debug|x64.Build.0 = Debug|Any CPU
		{C2FCBD08-EA56-4045-A354-FA9F21A7B2E2}.Debug|x86.ActiveCfg = Debug|Any CPU
		{C2FCBD08-EA56-4045-A354-FA9F21A7B2E2}.Debug|x86.Build.0 = Debug|Any CPU
		{C2FCBD08-EA56-4045-A354-FA9F21A7B2E2}.Release|Any CPU.ActiveCfg = Release|Any CPU
		{C2FCBD08-EA56-4045-A354-FA9F21A7B2E2}.Release|Any CPU.Build.0 = Release|Any CPU
		{C2FCBD08-EA56-4045-A354-FA9F21A7B2E2}.Release|ARM.ActiveCfg = Release|Any CPU
		{C2FCBD08-EA56-4045-A354-FA9F21A7B2E2}.Release|ARM.Build.0 = Release|Any CPU
		{C2FCBD08-EA56-4045-A354-FA9F21A7B2E2}.Release|x64.ActiveCfg = Release|Any CPU
		{C2FCBD08-EA56-4045-A354-FA9F21A7B2E2}.Release|x64.Build.0 = Release|Any CPU
		{C2FCBD08-EA56-4045-A354-FA9F21A7B2E2}.Release|x86.ActiveCfg = Release|Any CPU
		{C2FCBD08-EA56-4045-A354-FA9F21A7B2E2}.Release|x86.Build.0 = Release|Any CPU
	EndGlobalSection
	GlobalSection(SolutionProperties) = preSolution
		HideSolutionNode = FALSE
	EndGlobalSection
	GlobalSection(ExtensibilityGlobals) = postSolution
		SolutionGuid = {8444C27A-1304-42CA-B078-0D4D610D1DB6}
	EndGlobalSection
EndGlobal
