
Microsoft Visual Studio Solution File, Format Version 12.00
# Visual Studio Version 16
VisualStudioVersion = 16.0.29001.49
MinimumVisualStudioVersion = 10.0.40219.1
Project("{FAE04EC0-301F-11D3-BF4B-00C04F79EFBC}") = "E.Writer", "E.Writer\E.Writer.csproj", "{F7551C37-D58C-49AF-990A-FF2F17E89642}"
EndProject
Project("{FAE04EC0-301F-11D3-BF4B-00C04F79EFBC}") = "E.Updater", "E.Updater\E.Updater.csproj", "{988C0AD6-7DD4-43AA-BB4B-20B95332892B}"
EndProject
Project("{FAE04EC0-301F-11D3-BF4B-00C04F79EFBC}") = "E.Player", "E.Player\E.Player.csproj", "{5C87B096-9DCD-46B1-B683-A0FB47DBE2E8}"
EndProject
Project("{FAE04EC0-301F-11D3-BF4B-00C04F79EFBC}") = "E.Number", "E.Number\E.Number.csproj", "{16C7420B-B47A-4BA8-865E-CB8CD91E065E}"
EndProject
Project("{FAE04EC0-301F-11D3-BF4B-00C04F79EFBC}") = "E.Linker", "E.Linker\E.Linker.csproj", "{3ABAE54A-6BEC-48DF-8661-EFF05AE1B347}"
EndProject
Project("{FAE04EC0-301F-11D3-BF4B-00C04F79EFBC}") = "E.Role", "E.Role\E.Role.csproj", "{79907FED-116D-42D5-9B9D-F9C9AAA4D497}"
EndProject
Project("{D954291E-2A0B-460D-934E-DC6B0785DB48}") = "SharedProject", "SharedProject\SharedProject.shproj", "{FD904394-84BE-4E96-AAE0-27D882BCA533}"
EndProject
Global
	GlobalSection(SharedMSBuildProjectFiles) = preSolution
		SharedProject\SharedProject.projitems*{16c7420b-b47a-4ba8-865e-cb8cd91e065e}*SharedItemsImports = 4
		SharedProject\SharedProject.projitems*{3abae54a-6bec-48df-8661-eff05ae1b347}*SharedItemsImports = 4
		SharedProject\SharedProject.projitems*{5c87b096-9dcd-46b1-b683-a0fb47dbe2e8}*SharedItemsImports = 4
		SharedProject\SharedProject.projitems*{79907fed-116d-42d5-9b9d-f9c9aaa4d497}*SharedItemsImports = 4
		SharedProject\SharedProject.projitems*{988c0ad6-7dd4-43aa-bb4b-20b95332892b}*SharedItemsImports = 4
		SharedProject\SharedProject.projitems*{f7551c37-d58c-49af-990a-ff2f17e89642}*SharedItemsImports = 4
		SharedProject\SharedProject.projitems*{fd904394-84be-4e96-aae0-27d882bca533}*SharedItemsImports = 13
	EndGlobalSection
	GlobalSection(SolutionConfigurationPlatforms) = preSolution
		Debug|Any CPU = Debug|Any CPU
		Debug|ARM = Debug|ARM
		Debug|x64 = Debug|x64
		Debug|x86 = Debug|x86
		Release|Any CPU = Release|Any CPU
		Release|ARM = Release|ARM
		Release|x64 = Release|x64
		Release|x86 = Release|x86
	EndGlobalSection
	GlobalSection(ProjectConfigurationPlatforms) = postSolution
		{F7551C37-D58C-49AF-990A-FF2F17E89642}.Debug|Any CPU.ActiveCfg = Debug|Any CPU
		{F7551C37-D58C-49AF-990A-FF2F17E89642}.Debug|Any CPU.Build.0 = Debug|Any CPU
		{F7551C37-D58C-49AF-990A-FF2F17E89642}.Debug|ARM.ActiveCfg = Debug|Any CPU
		{F7551C37-D58C-49AF-990A-FF2F17E89642}.Debug|ARM.Build.0 = Debug|Any CPU
		{F7551C37-D58C-49AF-990A-FF2F17E89642}.Debug|x64.ActiveCfg = Debug|Any CPU
		{F7551C37-D58C-49AF-990A-FF2F17E89642}.Debug|x64.Build.0 = Debug|Any CPU
		{F7551C37-D58C-49AF-990A-FF2F17E89642}.Debug|x86.ActiveCfg = Debug|Any CPU
		{F7551C37-D58C-49AF-990A-FF2F17E89642}.Debug|x86.Build.0 = Debug|Any CPU
		{F7551C37-D58C-49AF-990A-FF2F17E89642}.Release|Any CPU.ActiveCfg = Release|Any CPU
		{F7551C37-D58C-49AF-990A-FF2F17E89642}.Release|Any CPU.Build.0 = Release|Any CPU
		{F7551C37-D58C-49AF-990A-FF2F17E89642}.Release|ARM.ActiveCfg = Release|Any CPU
		{F7551C37-D58C-49AF-990A-FF2F17E89642}.Release|ARM.Build.0 = Release|Any CPU
		{F7551C37-D58C-49AF-990A-FF2F17E89642}.Release|x64.ActiveCfg = Release|Any CPU
		{F7551C37-D58C-49AF-990A-FF2F17E89642}.Release|x64.Build.0 = Release|Any CPU
		{F7551C37-D58C-49AF-990A-FF2F17E89642}.Release|x86.ActiveCfg = Release|Any CPU
		{F7551C37-D58C-49AF-990A-FF2F17E89642}.Release|x86.Build.0 = Release|Any CPU
		{988C0AD6-7DD4-43AA-BB4B-20B95332892B}.Debug|Any CPU.ActiveCfg = Debug|Any CPU
		{988C0AD6-7DD4-43AA-BB4B-20B95332892B}.Debug|Any CPU.Build.0 = Debug|Any CPU
		{988C0AD6-7DD4-43AA-BB4B-20B95332892B}.Debug|ARM.ActiveCfg = Debug|Any CPU
		{988C0AD6-7DD4-43AA-BB4B-20B95332892B}.Debug|ARM.Build.0 = Debug|Any CPU
		{988C0AD6-7DD4-43AA-BB4B-20B95332892B}.Debug|x64.ActiveCfg = Debug|x64
		{988C0AD6-7DD4-43AA-BB4B-20B95332892B}.Debug|x64.Build.0 = Debug|x64
		{988C0AD6-7DD4-43AA-BB4B-20B95332892B}.Debug|x86.ActiveCfg = Debug|Any CPU
		{988C0AD6-7DD4-43AA-BB4B-20B95332892B}.Debug|x86.Build.0 = Debug|Any CPU
		{988C0AD6-7DD4-43AA-BB4B-20B95332892B}.Release|Any CPU.ActiveCfg = Release|Any CPU
		{988C0AD6-7DD4-43AA-BB4B-20B95332892B}.Release|Any CPU.Build.0 = Release|Any CPU
		{988C0AD6-7DD4-43AA-BB4B-20B95332892B}.Release|ARM.ActiveCfg = Release|Any CPU
		{988C0AD6-7DD4-43AA-BB4B-20B95332892B}.Release|ARM.Build.0 = Release|Any CPU
		{988C0AD6-7DD4-43AA-BB4B-20B95332892B}.Release|x64.ActiveCfg = Release|x64
		{988C0AD6-7DD4-43AA-BB4B-20B95332892B}.Release|x64.Build.0 = Release|x64
		{988C0AD6-7DD4-43AA-BB4B-20B95332892B}.Release|x86.ActiveCfg = Release|Any CPU
		{988C0AD6-7DD4-43AA-BB4B-20B95332892B}.Release|x86.Build.0 = Release|Any CPU
		{5C87B096-9DCD-46B1-B683-A0FB47DBE2E8}.Debug|Any CPU.ActiveCfg = Debug|Any CPU
		{5C87B096-9DCD-46B1-B683-A0FB47DBE2E8}.Debug|Any CPU.Build.0 = Debug|Any CPU
		{5C87B096-9DCD-46B1-B683-A0FB47DBE2E8}.Debug|ARM.ActiveCfg = Debug|Any CPU
		{5C87B096-9DCD-46B1-B683-A0FB47DBE2E8}.Debug|ARM.Build.0 = Debug|Any CPU
		{5C87B096-9DCD-46B1-B683-A0FB47DBE2E8}.Debug|x64.ActiveCfg = Debug|Any CPU
		{5C87B096-9DCD-46B1-B683-A0FB47DBE2E8}.Debug|x64.Build.0 = Debug|Any CPU
		{5C87B096-9DCD-46B1-B683-A0FB47DBE2E8}.Debug|x86.ActiveCfg = Debug|Any CPU
		{5C87B096-9DCD-46B1-B683-A0FB47DBE2E8}.Debug|x86.Build.0 = Debug|Any CPU
		{5C87B096-9DCD-46B1-B683-A0FB47DBE2E8}.Release|Any CPU.ActiveCfg = Release|Any CPU
		{5C87B096-9DCD-46B1-B683-A0FB47DBE2E8}.Release|Any CPU.Build.0 = Release|Any CPU
		{5C87B096-9DCD-46B1-B683-A0FB47DBE2E8}.Release|ARM.ActiveCfg = Release|Any CPU
		{5C87B096-9DCD-46B1-B683-A0FB47DBE2E8}.Release|ARM.Build.0 = Release|Any CPU
		{5C87B096-9DCD-46B1-B683-A0FB47DBE2E8}.Release|x64.ActiveCfg = Release|Any CPU
		{5C87B096-9DCD-46B1-B683-A0FB47DBE2E8}.Release|x64.Build.0 = Release|Any CPU
		{5C87B096-9DCD-46B1-B683-A0FB47DBE2E8}.Release|x86.ActiveCfg = Release|Any CPU
		{5C87B096-9DCD-46B1-B683-A0FB47DBE2E8}.Release|x86.Build.0 = Release|Any CPU
		{16C7420B-B47A-4BA8-865E-CB8CD91E065E}.Debug|Any CPU.ActiveCfg = Debug|Any CPU
		{16C7420B-B47A-4BA8-865E-CB8CD91E065E}.Debug|Any CPU.Build.0 = Debug|Any CPU
		{16C7420B-B47A-4BA8-865E-CB8CD91E065E}.Debug|ARM.ActiveCfg = Debug|Any CPU
		{16C7420B-B47A-4BA8-865E-CB8CD91E065E}.Debug|ARM.Build.0 = Debug|Any CPU
		{16C7420B-B47A-4BA8-865E-CB8CD91E065E}.Debug|x64.ActiveCfg = Debug|Any CPU
		{16C7420B-B47A-4BA8-865E-CB8CD91E065E}.Debug|x64.Build.0 = Debug|Any CPU
		{16C7420B-B47A-4BA8-865E-CB8CD91E065E}.Debug|x86.ActiveCfg = Debug|Any CPU
		{16C7420B-B47A-4BA8-865E-CB8CD91E065E}.Debug|x86.Build.0 = Debug|Any CPU
		{16C7420B-B47A-4BA8-865E-CB8CD91E065E}.Release|Any CPU.ActiveCfg = Release|Any CPU
		{16C7420B-B47A-4BA8-865E-CB8CD91E065E}.Release|Any CPU.Build.0 = Release|Any CPU
		{16C7420B-B47A-4BA8-865E-CB8CD91E065E}.Release|ARM.ActiveCfg = Release|Any CPU
		{16C7420B-B47A-4BA8-865E-CB8CD91E065E}.Release|ARM.Build.0 = Release|Any CPU
		{16C7420B-B47A-4BA8-865E-CB8CD91E065E}.Release|x64.ActiveCfg = Release|Any CPU
		{16C7420B-B47A-4BA8-865E-CB8CD91E065E}.Release|x64.Build.0 = Release|Any CPU
		{16C7420B-B47A-4BA8-865E-CB8CD91E065E}.Release|x86.ActiveCfg = Release|Any CPU
		{16C7420B-B47A-4BA8-865E-CB8CD91E065E}.Release|x86.Build.0 = Release|Any CPU
		{3ABAE54A-6BEC-48DF-8661-EFF05AE1B347}.Debug|Any CPU.ActiveCfg = Debug|Any CPU
		{3ABAE54A-6BEC-48DF-8661-EFF05AE1B347}.Debug|Any CPU.Build.0 = Debug|Any CPU
		{3ABAE54A-6BEC-48DF-8661-EFF05AE1B347}.Debug|ARM.ActiveCfg = Debug|Any CPU
		{3ABAE54A-6BEC-48DF-8661-EFF05AE1B347}.Debug|ARM.Build.0 = Debug|Any CPU
		{3ABAE54A-6BEC-48DF-8661-EFF05AE1B347}.Debug|x64.ActiveCfg = Debug|Any CPU
		{3ABAE54A-6BEC-48DF-8661-EFF05AE1B347}.Debug|x64.Build.0 = Debug|Any CPU
		{3ABAE54A-6BEC-48DF-8661-EFF05AE1B347}.Debug|x86.ActiveCfg = Debug|Any CPU
		{3ABAE54A-6BEC-48DF-8661-EFF05AE1B347}.Debug|x86.Build.0 = Debug|Any CPU
		{3ABAE54A-6BEC-48DF-8661-EFF05AE1B347}.Release|Any CPU.ActiveCfg = Release|Any CPU
		{3ABAE54A-6BEC-48DF-8661-EFF05AE1B347}.Release|Any CPU.Build.0 = Release|Any CPU
		{3ABAE54A-6BEC-48DF-8661-EFF05AE1B347}.Release|ARM.ActiveCfg = Release|Any CPU
		{3ABAE54A-6BEC-48DF-8661-EFF05AE1B347}.Release|ARM.Build.0 = Release|Any CPU
		{3ABAE54A-6BEC-48DF-8661-EFF05AE1B347}.Release|x64.ActiveCfg = Release|Any CPU
		{3ABAE54A-6BEC-48DF-8661-EFF05AE1B347}.Release|x64.Build.0 = Release|Any CPU
		{3ABAE54A-6BEC-48DF-8661-EFF05AE1B347}.Release|x86.ActiveCfg = Release|Any CPU
		{3ABAE54A-6BEC-48DF-8661-EFF05AE1B347}.Release|x86.Build.0 = Release|Any CPU
		{79907FED-116D-42D5-9B9D-F9C9AAA4D497}.Debug|Any CPU.ActiveCfg = Debug|Any CPU
		{79907FED-116D-42D5-9B9D-F9C9AAA4D497}.Debug|Any CPU.Build.0 = Debug|Any CPU
		{79907FED-116D-42D5-9B9D-F9C9AAA4D497}.Debug|ARM.ActiveCfg = Debug|Any CPU
		{79907FED-116D-42D5-9B9D-F9C9AAA4D497}.Debug|ARM.Build.0 = Debug|Any CPU
		{79907FED-116D-42D5-9B9D-F9C9AAA4D497}.Debug|x64.ActiveCfg = Debug|Any CPU
		{79907FED-116D-42D5-9B9D-F9C9AAA4D497}.Debug|x64.Build.0 = Debug|Any CPU
		{79907FED-116D-42D5-9B9D-F9C9AAA4D497}.Debug|x86.ActiveCfg = Debug|Any CPU
		{79907FED-116D-42D5-9B9D-F9C9AAA4D497}.Debug|x86.Build.0 = Debug|Any CPU
		{79907FED-116D-42D5-9B9D-F9C9AAA4D497}.Release|Any CPU.ActiveCfg = Release|Any CPU
		{79907FED-116D-42D5-9B9D-F9C9AAA4D497}.Release|Any CPU.Build.0 = Release|Any CPU
		{79907FED-116D-42D5-9B9D-F9C9AAA4D497}.Release|ARM.ActiveCfg = Release|Any CPU
		{79907FED-116D-42D5-9B9D-F9C9AAA4D497}.Release|ARM.Build.0 = Release|Any CPU
		{79907FED-116D-42D5-9B9D-F9C9AAA4D497}.Release|x64.ActiveCfg = Release|Any CPU
		{79907FED-116D-42D5-9B9D-F9C9AAA4D497}.Release|x64.Build.0 = Release|Any CPU
		{79907FED-116D-42D5-9B9D-F9C9AAA4D497}.Release|x86.ActiveCfg = Release|Any CPU
		{79907FED-116D-42D5-9B9D-F9C9AAA4D497}.Release|x86.Build.0 = Release|Any CPU
	EndGlobalSection
	GlobalSection(SolutionProperties) = preSolution
		HideSolutionNode = FALSE
	EndGlobalSection
	GlobalSection(ExtensibilityGlobals) = postSolution
		SolutionGuid = {8444C27A-1304-42CA-B078-0D4D610D1DB6}
	EndGlobalSection
EndGlobal
