
Microsoft Visual Studio Solution File, Format Version 12.00
# Visual Studio 15
VisualStudioVersion = 15.0.28010.2016
MinimumVisualStudioVersion = 10.0.40219.1
Project("{FAE04EC0-301F-11D3-BF4B-00C04F79EFBC}") = "E Updater", "E Updater.csproj", "{988C0AD6-7DD4-43AA-BB4B-20B95332892B}"
EndProject
Global
	GlobalSection(SolutionConfigurationPlatforms) = preSolution
		Debug|Any CPU = Debug|Any CPU
		Debug|x64 = Debug|x64
		Release|Any CPU = Release|Any CPU
		Release|x64 = Release|x64
	EndGlobalSection
	GlobalSection(ProjectConfigurationPlatforms) = postSolution
		{988C0AD6-7DD4-43AA-BB4B-20B95332892B}.Debug|Any CPU.ActiveCfg = Debug|Any CPU
		{988C0AD6-7DD4-43AA-BB4B-20B95332892B}.Debug|Any CPU.Build.0 = Debug|Any CPU
		{988C0AD6-7DD4-43AA-BB4B-20B95332892B}.Debug|x64.ActiveCfg = Debug|x64
		{988C0AD6-7DD4-43AA-BB4B-20B95332892B}.Debug|x64.Build.0 = Debug|x64
		{988C0AD6-7DD4-43AA-BB4B-20B95332892B}.Release|Any CPU.ActiveCfg = Release|Any CPU
		{988C0AD6-7DD4-43AA-BB4B-20B95332892B}.Release|Any CPU.Build.0 = Release|Any CPU
		{988C0AD6-7DD4-43AA-BB4B-20B95332892B}.Release|x64.ActiveCfg = Release|x64
		{988C0AD6-7DD4-43AA-BB4B-20B95332892B}.Release|x64.Build.0 = Release|x64
	EndGlobalSection
	GlobalSection(SolutionProperties) = preSolution
		HideSolutionNode = FALSE
	EndGlobalSection
	GlobalSection(ExtensibilityGlobals) = postSolution
		SolutionGuid = {08975576-B669-45B6-AD2D-53F7B6E460FC}
	EndGlobalSection
EndGlobal
